// !$*UTF8*$!
{
	archiveVersion = 1;
	classes = {
	};
	objectVersion = 48;
	objects = {

/* Begin PBXBuildFile section */
		8424E752205BFB9E00F71615 /* AppDelegate.swift in Sources */ = {isa = PBXBuildFile; fileRef = 8424E751205BFB9E00F71615 /* AppDelegate.swift */; };
		8424E754205BFB9E00F71615 /* ViewController.swift in Sources */ = {isa = PBXBuildFile; fileRef = 8424E753205BFB9E00F71615 /* ViewController.swift */; };
		8424E757205BFB9E00F71615 /* Main.storyboard in Resources */ = {isa = PBXBuildFile; fileRef = 8424E755205BFB9E00F71615 /* Main.storyboard */; };
		8424E759205BFB9E00F71615 /* Assets.xcassets in Resources */ = {isa = PBXBuildFile; fileRef = 8424E758205BFB9E00F71615 /* Assets.xcassets */; };
		8424E75C205BFB9E00F71615 /* LaunchScreen.storyboard in Resources */ = {isa = PBXBuildFile; fileRef = 8424E75A205BFB9E00F71615 /* LaunchScreen.storyboard */; };
		8424E767205BFB9F00F71615 /* AppTests.swift in Sources */ = {isa = PBXBuildFile; fileRef = 8424E766205BFB9F00F71615 /* AppTests.swift */; };
		8424E772205BFB9F00F71615 /* AppUITests.swift in Sources */ = {isa = PBXBuildFile; fileRef = 8424E771205BFB9F00F71615 /* AppUITests.swift */; };
/* End PBXBuildFile section */

/* Begin PBXContainerItemProxy section */
		8424E763205BFB9F00F71615 /* PBXContainerItemProxy */ = {
			isa = PBXContainerItemProxy;
			containerPortal = 8424E746205BFB9E00F71615 /* Project object */;
			proxyType = 1;
			remoteGlobalIDString = 8424E74D205BFB9E00F71615;
			remoteInfo = App;
		};
		8424E76E205BFB9F00F71615 /* PBXContainerItemProxy */ = {
			isa = PBXContainerItemProxy;
			containerPortal = 8424E746205BFB9E00F71615 /* Project object */;
			proxyType = 1;
			remoteGlobalIDString = 8424E74D205BFB9E00F71615;
			remoteInfo = App;
		};
/* End PBXContainerItemProxy section */

/* Begin PBXFileReference section */
		8424E74E205BFB9E00F71615 /* App.app */ = {isa = PBXFileReference; explicitFileType = wrapper.application; includeInIndex = 0; path = App.app; sourceTree = BUILT_PRODUCTS_DIR; };
		8424E751205BFB9E00F71615 /* AppDelegate.swift */ = {isa = PBXFileReference; lastKnownFileType = sourcecode.swift; path = AppDelegate.swift; sourceTree = "<group>"; };
		8424E753205BFB9E00F71615 /* ViewController.swift */ = {isa = PBXFileReference; lastKnownFileType = sourcecode.swift; path = ViewController.swift; sourceTree = "<group>"; };
		8424E756205BFB9E00F71615 /* Base */ = {isa = PBXFileReference; lastKnownFileType = file.storyboard; name = Base; path = Base.lproj/Main.storyboard; sourceTree = "<group>"; };
		8424E758205BFB9E00F71615 /* Assets.xcassets */ = {isa = PBXFileReference; lastKnownFileType = folder.assetcatalog; path = Assets.xcassets; sourceTree = "<group>"; };
		8424E75B205BFB9E00F71615 /* Base */ = {isa = PBXFileReference; lastKnownFileType = file.storyboard; name = Base; path = Base.lproj/LaunchScreen.storyboard; sourceTree = "<group>"; };
		8424E75D205BFB9E00F71615 /* Info.plist */ = {isa = PBXFileReference; lastKnownFileType = text.plist.xml; path = Info.plist; sourceTree = "<group>"; };
		8424E762205BFB9F00F71615 /* AppTests.xctest */ = {isa = PBXFileReference; explicitFileType = wrapper.cfbundle; includeInIndex = 0; path = AppTests.xctest; sourceTree = BUILT_PRODUCTS_DIR; };
		8424E766205BFB9F00F71615 /* AppTests.swift */ = {isa = PBXFileReference; lastKnownFileType = sourcecode.swift; path = AppTests.swift; sourceTree = "<group>"; };
		8424E768205BFB9F00F71615 /* Info.plist */ = {isa = PBXFileReference; lastKnownFileType = text.plist.xml; path = Info.plist; sourceTree = "<group>"; };
		8424E76D205BFB9F00F71615 /* AppUITests.xctest */ = {isa = PBXFileReference; explicitFileType = wrapper.cfbundle; includeInIndex = 0; path = AppUITests.xctest; sourceTree = BUILT_PRODUCTS_DIR; };
		8424E771205BFB9F00F71615 /* AppUITests.swift */ = {isa = PBXFileReference; lastKnownFileType = sourcecode.swift; path = AppUITests.swift; sourceTree = "<group>"; };
		8424E773205BFB9F00F71615 /* Info.plist */ = {isa = PBXFileReference; lastKnownFileType = text.plist.xml; path = Info.plist; sourceTree = "<group>"; };
/* End PBXFileReference section */

/* Begin PBXFrameworksBuildPhase section */
		8424E74B205BFB9E00F71615 /* Frameworks */ = {
			isa = PBXFrameworksBuildPhase;
			buildActionMask = 2147483647;
			files = (
			);
			runOnlyForDeploymentPostprocessing = 0;
		};
		8424E75F205BFB9F00F71615 /* Frameworks */ = {
			isa = PBXFrameworksBuildPhase;
			buildActionMask = 2147483647;
			files = (
			);
			runOnlyForDeploymentPostprocessing = 0;
		};
		8424E76A205BFB9F00F71615 /* Frameworks */ = {
			isa = PBXFrameworksBuildPhase;
			buildActionMask = 2147483647;
			files = (
			);
			runOnlyForDeploymentPostprocessing = 0;
		};
/* End PBXFrameworksBuildPhase section */

/* Begin PBXGroup section */
		8424E745205BFB9E00F71615 = {
			isa = PBXGroup;
			children = (
				8424E750205BFB9E00F71615 /* App */,
				8424E765205BFB9F00F71615 /* AppTests */,
				8424E770205BFB9F00F71615 /* AppUITests */,
				8424E74F205BFB9E00F71615 /* Products */,
			);
			sourceTree = "<group>";
		};
		8424E74F205BFB9E00F71615 /* Products */ = {
			isa = PBXGroup;
			children = (
				8424E74E205BFB9E00F71615 /* App.app */,
				8424E762205BFB9F00F71615 /* AppTests.xctest */,
				8424E76D205BFB9F00F71615 /* AppUITests.xctest */,
			);
			name = Products;
			sourceTree = "<group>";
		};
		8424E750205BFB9E00F71615 /* App */ = {
			isa = PBXGroup;
			children = (
				8424E751205BFB9E00F71615 /* AppDelegate.swift */,
				8424E753205BFB9E00F71615 /* ViewController.swift */,
				8424E755205BFB9E00F71615 /* Main.storyboard */,
				8424E758205BFB9E00F71615 /* Assets.xcassets */,
				8424E75A205BFB9E00F71615 /* LaunchScreen.storyboard */,
				8424E75D205BFB9E00F71615 /* Info.plist */,
			);
			path = App;
			sourceTree = "<group>";
		};
		8424E765205BFB9F00F71615 /* AppTests */ = {
			isa = PBXGroup;
			children = (
				8424E766205BFB9F00F71615 /* AppTests.swift */,
				8424E768205BFB9F00F71615 /* Info.plist */,
			);
			path = AppTests;
			sourceTree = "<group>";
		};
		8424E770205BFB9F00F71615 /* AppUITests */ = {
			isa = PBXGroup;
			children = (
				8424E771205BFB9F00F71615 /* AppUITests.swift */,
				8424E773205BFB9F00F71615 /* Info.plist */,
			);
			path = AppUITests;
			sourceTree = "<group>";
		};
/* End PBXGroup section */

/* Begin PBXNativeTarget section */
		8424E74D205BFB9E00F71615 /* App */ = {
			isa = PBXNativeTarget;
			buildConfigurationList = 8424E776205BFB9F00F71615 /* Build configuration list for PBXNativeTarget "App" */;
			buildPhases = (
				8424E74A205BFB9E00F71615 /* Sources */,
				8424E74B205BFB9E00F71615 /* Frameworks */,
				8424E74C205BFB9E00F71615 /* Resources */,
			);
			buildRules = (
			);
			dependencies = (
			);
			name = App;
			productName = App;
			productReference = 8424E74E205BFB9E00F71615 /* App.app */;
			productType = "com.apple.product-type.application";
		};
		8424E761205BFB9F00F71615 /* AppTests */ = {
			isa = PBXNativeTarget;
			buildConfigurationList = 8424E779205BFB9F00F71615 /* Build configuration list for PBXNativeTarget "AppTests" */;
			buildPhases = (
				8424E75E205BFB9F00F71615 /* Sources */,
				8424E75F205BFB9F00F71615 /* Frameworks */,
				8424E760205BFB9F00F71615 /* Resources */,
			);
			buildRules = (
			);
			dependencies = (
				8424E764205BFB9F00F71615 /* PBXTargetDependency */,
			);
			name = AppTests;
			productName = AppTests;
			productReference = 8424E762205BFB9F00F71615 /* AppTests.xctest */;
			productType = "com.apple.product-type.bundle.unit-test";
		};
		8424E76C205BFB9F00F71615 /* AppUITests */ = {
			isa = PBXNativeTarget;
			buildConfigurationList = 8424E77C205BFB9F00F71615 /* Build configuration list for PBXNativeTarget "AppUITests" */;
			buildPhases = (
				8424E769205BFB9F00F71615 /* Sources */,
				8424E76A205BFB9F00F71615 /* Frameworks */,
				8424E76B205BFB9F00F71615 /* Resources */,
			);
			buildRules = (
			);
			dependencies = (
				8424E76F205BFB9F00F71615 /* PBXTargetDependency */,
			);
			name = AppUITests;
			productName = AppUITests;
			productReference = 8424E76D205BFB9F00F71615 /* AppUITests.xctest */;
			productType = "com.apple.product-type.bundle.ui-testing";
		};
/* End PBXNativeTarget section */

/* Begin PBXProject section */
		8424E746205BFB9E00F71615 /* Project object */ = {
			isa = PBXProject;
			attributes = {
				LastSwiftUpdateCheck = 0920;
				LastUpgradeCheck = 0920;
				ORGANIZATIONNAME = globalgames;
				TargetAttributes = {
					8424E74D205BFB9E00F71615 = {
						CreatedOnToolsVersion = 9.2;
						ProvisioningStyle = Automatic;
					};
					8424E761205BFB9F00F71615 = {
						CreatedOnToolsVersion = 9.2;
						ProvisioningStyle = Automatic;
						TestTargetID = 8424E74D205BFB9E00F71615;
					};
					8424E76C205BFB9F00F71615 = {
						CreatedOnToolsVersion = 9.2;
						ProvisioningStyle = Automatic;
						TestTargetID = 8424E74D205BFB9E00F71615;
					};
				};
			};
			buildConfigurationList = 8424E749205BFB9E00F71615 /* Build configuration list for PBXProject "App" */;
			compatibilityVersion = "Xcode 8.0";
			developmentRegion = en;
			hasScannedForEncodings = 0;
			knownRegions = (
				en,
				Base,
			);
			mainGroup = 8424E745205BFB9E00F71615;
			productRefGroup = 8424E74F205BFB9E00F71615 /* Products */;
			projectDirPath = "";
			projectRoot = "";
			targets = (
				8424E74D205BFB9E00F71615 /* App */,
				8424E761205BFB9F00F71615 /* AppTests */,
				8424E76C205BFB9F00F71615 /* AppUITests */,
			);
		};
/* End PBXProject section */

/* Begin PBXResourcesBuildPhase section */
		8424E74C205BFB9E00F71615 /* Resources */ = {
			isa = PBXResourcesBuildPhase;
			buildActionMask = 2147483647;
			files = (
				8424E75C205BFB9E00F71615 /* LaunchScreen.storyboard in Resources */,
				8424E759205BFB9E00F71615 /* Assets.xcassets in Resources */,
				8424E757205BFB9E00F71615 /* Main.storyboard in Resources */,
			);
			runOnlyForDeploymentPostprocessing = 0;
		};
		8424E760205BFB9F00F71615 /* Resources */ = {
			isa = PBXResourcesBuildPhase;
			buildActionMask = 2147483647;
			files = (
			);
			runOnlyForDeploymentPostprocessing = 0;
		};
		8424E76B205BFB9F00F71615 /* Resources */ = {
			isa = PBXResourcesBuildPhase;
			buildActionMask = 2147483647;
			files = (
			);
			runOnlyForDeploymentPostprocessing = 0;
		};
/* End PBXResourcesBuildPhase section */

/* Begin PBXSourcesBuildPhase section */
		8424E74A205BFB9E00F71615 /* Sources */ = {
			isa = PBXSourcesBuildPhase;
			buildActionMask = 2147483647;
			files = (
				8424E754205BFB9E00F71615 /* ViewController.swift in Sources */,
				8424E752205BFB9E00F71615 /* AppDelegate.swift in Sources */,
			);
			runOnlyForDeploymentPostprocessing = 0;
		};
		8424E75E205BFB9F00F71615 /* Sources */ = {
			isa = PBXSourcesBuildPhase;
			buildActionMask = 2147483647;
			files = (
				8424E767205BFB9F00F71615 /* AppTests.swift in Sources */,
			);
			runOnlyForDeploymentPostprocessing = 0;
		};
		8424E769205BFB9F00F71615 /* Sources */ = {
			isa = PBXSourcesBuildPhase;
			buildActionMask = 2147483647;
			files = (
				8424E772205BFB9F00F71615 /* AppUITests.swift in Sources */,
			);
			runOnlyForDeploymentPostprocessing = 0;
		};
/* End PBXSourcesBuildPhase section */

/* Begin PBXTargetDependency section */
		8424E764205BFB9F00F71615 /* PBXTargetDependency */ = {
			isa = PBXTargetDependency;
			target = 8424E74D205BFB9E00F71615 /* App */;
			targetProxy = 8424E763205BFB9F00F71615 /* PBXContainerItemProxy */;
		};
		8424E76F205BFB9F00F71615 /* PBXTargetDependency */ = {
			isa = PBXTargetDependency;
			target = 8424E74D205BFB9E00F71615 /* App */;
			targetProxy = 8424E76E205BFB9F00F71615 /* PBXContainerItemProxy */;
		};
/* End PBXTargetDependency section */

/* Begin PBXVariantGroup section */
		8424E755205BFB9E00F71615 /* Main.storyboard */ = {
			isa = PBXVariantGroup;
			children = (
				8424E756205BFB9E00F71615 /* Base */,
			);
			name = Main.storyboard;
			sourceTree = "<group>";
		};
		8424E75A205BFB9E00F71615 /* LaunchScreen.storyboard */ = {
			isa = PBXVariantGroup;
			children = (
				8424E75B205BFB9E00F71615 /* Base */,
			);
			name = LaunchScreen.storyboard;
			sourceTree = "<group>";
		};
/* End PBXVariantGroup section */

/* Begin XCBuildConfiguration section */
		8424E774205BFB9F00F71615 /* Debug */ = {
			isa = XCBuildConfiguration;
			buildSettings = {
				ALWAYS_SEARCH_USER_PATHS = NO;
				CLANG_ANALYZER_NONNULL = YES;
				CLANG_ANALYZER_NUMBER_OBJECT_CONVERSION = YES_AGGRESSIVE;
				CLANG_CXX_LANGUAGE_STANDARD = "gnu++14";
				CLANG_CXX_LIBRARY = "libc++";
				CLANG_ENABLE_MODULES = YES;
				CLANG_ENABLE_OBJC_ARC = YES;
				CLANG_WARN_BLOCK_CAPTURE_AUTORELEASING = YES;
				CLANG_WARN_BOOL_CONVERSION = YES;
				CLANG_WARN_COMMA = YES;
				CLANG_WARN_CONSTANT_CONVERSION = YES;
				CLANG_WARN_DIRECT_OBJC_ISA_USAGE = YES_ERROR;
				CLANG_WARN_DOCUMENTATION_COMMENTS = YES;
				CLANG_WARN_EMPTY_BODY = YES;
				CLANG_WARN_ENUM_CONVERSION = YES;
				CLANG_WARN_INFINITE_RECURSION = YES;
				CLANG_WARN_INT_CONVERSION = YES;
				CLANG_WARN_NON_LITERAL_NULL_CONVERSION = YES;
				CLANG_WARN_OBJC_LITERAL_CONVERSION = YES;
				CLANG_WARN_OBJC_ROOT_CLASS = YES_ERROR;
				CLANG_WARN_RANGE_LOOP_ANALYSIS = YES;
				CLANG_WARN_STRICT_PROTOTYPES = YES;
				CLANG_WARN_SUSPICIOUS_MOVE = YES;
				CLANG_WARN_UNGUARDED_AVAILABILITY = YES_AGGRESSIVE;
				CLANG_WARN_UNREACHABLE_CODE = YES;
				CLANG_WARN__DUPLICATE_METHOD_MATCH = YES;
				CODE_SIGN_IDENTITY = "iPhone Developer";
				COPY_PHASE_STRIP = NO;
				DEBUG_INFORMATION_FORMAT = dwarf;
				ENABLE_STRICT_OBJC_MSGSEND = YES;
				ENABLE_TESTABILITY = YES;
				GCC_C_LANGUAGE_STANDARD = gnu11;
				GCC_DYNAMIC_NO_PIC = NO;
				GCC_NO_COMMON_BLOCKS = YES;
				GCC_OPTIMIZATION_LEVEL = 0;
				GCC_PREPROCESSOR_DEFINITIONS = (
					"DEBUG=1",
					"$(inherited)",
				);
				GCC_WARN_64_TO_32_BIT_CONVERSION = YES;
				GCC_WARN_ABOUT_RETURN_TYPE = YES_ERROR;
				GCC_WARN_UNDECLARED_SELECTOR = YES;
				GCC_WARN_UNINITIALIZED_AUTOS = YES_AGGRESSIVE;
				GCC_WARN_UNUSED_FUNCTION = YES;
				GCC_WARN_UNUSED_VARIABLE = YES;
				IPHONEOS_DEPLOYMENT_TARGET = 11.2;
				MTL_ENABLE_DEBUG_INFO = YES;
				ONLY_ACTIVE_ARCH = YES;
				SDKROOT = iphoneos;
				SWIFT_ACTIVE_COMPILATION_CONDITIONS = DEBUG;
				SWIFT_OPTIMIZATION_LEVEL = "-Onone";
			};
			name = Debug;
		};
		8424E775205BFB9F00F71615 /* Release */ = {
			isa = XCBuildConfiguration;
			buildSettings = {
				ALWAYS_SEARCH_USER_PATHS = NO;
				CLANG_ANALYZER_NONNULL = YES;
				CLANG_ANALYZER_NUMBER_OBJECT_CONVERSION = YES_AGGRESSIVE;
				CLANG_CXX_LANGUAGE_STANDARD = "gnu++14";
				CLANG_CXX_LIBRARY = "libc++";
				CLANG_ENABLE_MODULES = YES;
				CLANG_ENABLE_OBJC_ARC = YES;
				CLANG_WARN_BLOCK_CAPTURE_AUTORELEASING = YES;
				CLANG_WARN_BOOL_CONVERSION = YES;
				CLANG_WARN_COMMA = YES;
				CLANG_WARN_CONSTANT_CONVERSION = YES;
				CLANG_WARN_DIRECT_OBJC_ISA_USAGE = YES_ERROR;
				CLANG_WARN_DOCUMENTATION_COMMENTS = YES;
				CLANG_WARN_EMPTY_BODY = YES;
				CLANG_WARN_ENUM_CONVERSION = YES;
				CLANG_WARN_INFINITE_RECURSION = YES;
				CLANG_WARN_INT_CONVERSION = YES;
				CLANG_WARN_NON_LITERAL_NULL_CONVERSION = YES;
				CLANG_WARN_OBJC_LITERAL_CONVERSION = YES;
				CLANG_WARN_OBJC_ROOT_CLASS = YES_ERROR;
				CLANG_WARN_RANGE_LOOP_ANALYSIS = YES;
				CLANG_WARN_STRICT_PROTOTYPES = YES;
				CLANG_WARN_SUSPICIOUS_MOVE = YES;
				CLANG_WARN_UNGUARDED_AVAILABILITY = YES_AGGRESSIVE;
				CLANG_WARN_UNREACHABLE_CODE = YES;
				CLANG_WARN__DUPLICATE_METHOD_MATCH = YES;
				CODE_SIGN_IDENTITY = "iPhone Developer";
				COPY_PHASE_STRIP = NO;
				DEBUG_INFORMATION_FORMAT = "dwarf-with-dsym";
				ENABLE_NS_ASSERTIONS = NO;
				ENABLE_STRICT_OBJC_MSGSEND = YES;
				GCC_C_LANGUAGE_STANDARD = gnu11;
				GCC_NO_COMMON_BLOCKS = YES;
				GCC_WARN_64_TO_32_BIT_CONVERSION = YES;
				GCC_WARN_ABOUT_RETURN_TYPE = YES_ERROR;
				GCC_WARN_UNDECLARED_SELECTOR = YES;
				GCC_WARN_UNINITIALIZED_AUTOS = YES_AGGRESSIVE;
				GCC_WARN_UNUSED_FUNCTION = YES;
				GCC_WARN_UNUSED_VARIABLE = YES;
				IPHONEOS_DEPLOYMENT_TARGET = 11.2;
				MTL_ENABLE_DEBUG_INFO = NO;
				SDKROOT = iphoneos;
				SWIFT_OPTIMIZATION_LEVEL = "-Owholemodule";
				VALIDATE_PRODUCT = YES;
			};
			name = Release;
		};
		8424E777205BFB9F00F71615 /* Debug */ = {
			isa = XCBuildConfiguration;
			buildSettings = {
				ASSETCATALOG_COMPILER_APPICON_NAME = AppIcon;
				CODE_SIGN_STYLE = Automatic;
				INFOPLIST_FILE = App/Info.plist;
				LD_RUNPATH_SEARCH_PATHS = "$(inherited) @executable_path/Frameworks";
				PRODUCT_BUNDLE_IDENTIFIER = net.globalgames.App;
				PRODUCT_NAME = "$(TARGET_NAME)";
				SWIFT_VERSION = 4.0;
				TARGETED_DEVICE_FAMILY = "1,2";
			};
			name = Debug;
		};
		8424E778205BFB9F00F71615 /* Release */ = {
			isa = XCBuildConfiguration;
			buildSettings = {
				ASSETCATALOG_COMPILER_APPICON_NAME = AppIcon;
				CODE_SIGN_STYLE = Automatic;
				INFOPLIST_FILE = App/Info.plist;
				LD_RUNPATH_SEARCH_PATHS = "$(inherited) @executable_path/Frameworks";
				PRODUCT_BUNDLE_IDENTIFIER = net.globalgames.App;
				PRODUCT_NAME = "$(TARGET_NAME)";
				SWIFT_VERSION = 4.0;
				TARGETED_DEVICE_FAMILY = "1,2";
			};
			name = Release;
		};
		8424E77A205BFB9F00F71615 /* Debug */ = {
			isa = XCBuildConfiguration;
			buildSettings = {
				ALWAYS_EMBED_SWIFT_STANDARD_LIBRARIES = YES;
				BUNDLE_LOADER = "$(TEST_HOST)";
				CODE_SIGN_STYLE = Automatic;
				INFOPLIST_FILE = AppTests/Info.plist;
				LD_RUNPATH_SEARCH_PATHS = "$(inherited) @executable_path/Frameworks @loader_path/Frameworks";
				PRODUCT_BUNDLE_IDENTIFIER = net.globalgames.AppTests;
				PRODUCT_NAME = "$(TARGET_NAME)";
				SWIFT_VERSION = 4.0;
				TARGETED_DEVICE_FAMILY = "1,2";
				TEST_HOST = "$(BUILT_PRODUCTS_DIR)/App.app/App";
			};
			name = Debug;
		};
		8424E77B205BFB9F00F71615 /* Release */ = {
			isa = XCBuildConfiguration;
			buildSettings = {
				ALWAYS_EMBED_SWIFT_STANDARD_LIBRARIES = YES;
				BUNDLE_LOADER = "$(TEST_HOST)";
				CODE_SIGN_STYLE = Automatic;
				INFOPLIST_FILE = AppTests/Info.plist;
				LD_RUNPATH_SEARCH_PATHS = "$(inherited) @executable_path/Frameworks @loader_path/Frameworks";
				PRODUCT_BUNDLE_IDENTIFIER = net.globalgames.AppTests;
				PRODUCT_NAME = "$(TARGET_NAME)";
				SWIFT_VERSION = 4.0;
				TARGETED_DEVICE_FAMILY = "1,2";
				TEST_HOST = "$(BUILT_PRODUCTS_DIR)/App.app/App";
			};
			name = Release;
		};
		8424E77D205BFB9F00F71615 /* Debug */ = {
			isa = XCBuildConfiguration;
			buildSettings = {
				ALWAYS_EMBED_SWIFT_STANDARD_LIBRARIES = YES;
				CODE_SIGN_STYLE = Automatic;
				INFOPLIST_FILE = AppUITests/Info.plist;
				LD_RUNPATH_SEARCH_PATHS = "$(inherited) @executable_path/Frameworks @loader_path/Frameworks";
				PRODUCT_BUNDLE_IDENTIFIER = net.globalgames.AppUITests;
				PRODUCT_NAME = "$(TARGET_NAME)";
				SWIFT_VERSION = 4.0;
				TARGETED_DEVICE_FAMILY = "1,2";
				TEST_TARGET_NAME = App;
			};
			name = Debug;
		};
		8424E77E205BFB9F00F71615 /* Release */ = {
			isa = XCBuildConfiguration;
			buildSettings = {
				ALWAYS_EMBED_SWIFT_STANDARD_LIBRARIES = YES;
				CODE_SIGN_STYLE = Automatic;
				INFOPLIST_FILE = AppUITests/Info.plist;
				LD_RUNPATH_SEARCH_PATHS = "$(inherited) @executable_path/Frameworks @loader_path/Frameworks";
				PRODUCT_BUNDLE_IDENTIFIER = net.globalgames.AppUITests;
				PRODUCT_NAME = "$(TARGET_NAME)";
				SWIFT_VERSION = 4.0;
				TARGETED_DEVICE_FAMILY = "1,2";
				TEST_TARGET_NAME = App;
			};
			name = Release;
		};
/* End XCBuildConfiguration section */

/* Begin XCConfigurationList section */
		8424E749205BFB9E00F71615 /* Build configuration list for PBXProject "App" */ = {
			isa = XCConfigurationList;
			buildConfigurations = (
				8424E774205BFB9F00F71615 /* Debug */,
				8424E775205BFB9F00F71615 /* Release */,
			);
			defaultConfigurationIsVisible = 0;
			defaultConfigurationName = Release;
		};
		8424E776205BFB9F00F71615 /* Build configuration list for PBXNativeTarget "App" */ = {
			isa = XCConfigurationList;
			buildConfigurations = (
				8424E777205BFB9F00F71615 /* Debug */,
				8424E778205BFB9F00F71615 /* Release */,
			);
			defaultConfigurationIsVisible = 0;
			defaultConfigurationName = Release;
		};
		8424E779205BFB9F00F71615 /* Build configuration list for PBXNativeTarget "AppTests" */ = {
			isa = XCConfigurationList;
			buildConfigurations = (
				8424E77A205BFB9F00F71615 /* Debug */,
				8424E77B205BFB9F00F71615 /* Release */,
			);
			defaultConfigurationIsVisible = 0;
			defaultConfigurationName = Release;
		};
		8424E77C205BFB9F00F71615 /* Build configuration list for PBXNativeTarget "AppUITests" */ = {
			isa = XCConfigurationList;
			buildConfigurations = (
				8424E77D205BFB9F00F71615 /* Debug */,
				8424E77E205BFB9F00F71615 /* Release */,
			);
			defaultConfigurationIsVisible = 0;
			defaultConfigurationName = Release;
		};
/* End XCConfigurationList section */
	};
	rootObject = 8424E746205BFB9E00F71615 /* Project object */;
}
